// !$*UTF8*$!
{
	archiveVersion = 1;
	classes = {
	};
	objectVersion = 54;
	objects = {

/* Begin PBXBuildFile section */
		AB6602A82C5B7857001AB9CE /* AppDelegate.swift in Sources */ = {isa = PBXBuildFile; fileRef = AB6602A72C5B7857001AB9CE /* AppDelegate.swift */; };
		AB6602AA2C5B7857001AB9CE /* SceneDelegate.swift in Sources */ = {isa = PBXBuildFile; fileRef = AB6602A92C5B7857001AB9CE /* SceneDelegate.swift */; };
		AB6602AC2C5B7857001AB9CE /* ViewController.swift in Sources */ = {isa = PBXBuildFile; fileRef = AB6602AB2C5B7857001AB9CE /* ViewController.swift */; };
		AB6602AF2C5B7857001AB9CE /* Main.storyboard in Resources */ = {isa = PBXBuildFile; fileRef = AB6602AD2C5B7857001AB9CE /* Main.storyboard */; };
		AB6602B12C5B7859001AB9CE /* Assets.xcassets in Resources */ = {isa = PBXBuildFile; fileRef = AB6602B02C5B7859001AB9CE /* Assets.xcassets */; };
		AB6602B42C5B7859001AB9CE /* LaunchScreen.storyboard in Resources */ = {isa = PBXBuildFile; fileRef = AB6602B22C5B7859001AB9CE /* LaunchScreen.storyboard */; };
		FD0C450CC5AE804A4217A5ED /* Pods_GoogleSheetsIOS.framework in Frameworks */ = {isa = PBXBuildFile; fileRef = 33D4BB0665077977AC483D21 /* Pods_GoogleSheetsIOS.framework */; };
/* End PBXBuildFile section */

/* Begin PBXFileReference section */
		15440125C8F673A97C2CF104 /* Pods-GoogleSheetsIOS.debug.xcconfig */ = {isa = PBXFileReference; includeInIndex = 1; lastKnownFileType = text.xcconfig; name = "Pods-GoogleSheetsIOS.debug.xcconfig"; path = "Target Support Files/Pods-GoogleSheetsIOS/Pods-GoogleSheetsIOS.debug.xcconfig"; sourceTree = "<group>"; };
		33D4BB0665077977AC483D21 /* Pods_GoogleSheetsIOS.framework */ = {isa = PBXFileReference; explicitFileType = wrapper.framework; includeInIndex = 0; path = Pods_GoogleSheetsIOS.framework; sourceTree = BUILT_PRODUCTS_DIR; };
		AB6602A42C5B7857001AB9CE /* GoogleSheetsIOS.app */ = {isa = PBXFileReference; explicitFileType = wrapper.application; includeInIndex = 0; path = GoogleSheetsIOS.app; sourceTree = BUILT_PRODUCTS_DIR; };
		AB6602A72C5B7857001AB9CE /* AppDelegate.swift */ = {isa = PBXFileReference; lastKnownFileType = sourcecode.swift; path = AppDelegate.swift; sourceTree = "<group>"; };
		AB6602A92C5B7857001AB9CE /* SceneDelegate.swift */ = {isa = PBXFileReference; lastKnownFileType = sourcecode.swift; path = SceneDelegate.swift; sourceTree = "<group>"; };
		AB6602AB2C5B7857001AB9CE /* ViewController.swift */ = {isa = PBXFileReference; lastKnownFileType = sourcecode.swift; path = ViewController.swift; sourceTree = "<group>"; };
		AB6602AE2C5B7857001AB9CE /* Base */ = {isa = PBXFileReference; lastKnownFileType = file.storyboard; name = Base; path = Base.lproj/Main.storyboard; sourceTree = "<group>"; };
		AB6602B02C5B7859001AB9CE /* Assets.xcassets */ = {isa = PBXFileReference; lastKnownFileType = folder.assetcatalog; path = Assets.xcassets; sourceTree = "<group>"; };
		AB6602B32C5B7859001AB9CE /* Base */ = {isa = PBXFileReference; lastKnownFileType = file.storyboard; name = Base; path = Base.lproj/LaunchScreen.storyboard; sourceTree = "<group>"; };
		AB6602B52C5B7859001AB9CE /* Info.plist */ = {isa = PBXFileReference; lastKnownFileType = text.plist.xml; path = Info.plist; sourceTree = "<group>"; };
		C89552CD1A0F3DE66A0393F5 /* Pods-GoogleSheetsIOS.release.xcconfig */ = {isa = PBXFileReference; includeInIndex = 1; lastKnownFileType = text.xcconfig; name = "Pods-GoogleSheetsIOS.release.xcconfig"; path = "Target Support Files/Pods-GoogleSheetsIOS/Pods-GoogleSheetsIOS.release.xcconfig"; sourceTree = "<group>"; };
/* End PBXFileReference section */

/* Begin PBXFrameworksBuildPhase section */
		AB6602A12C5B7857001AB9CE /* Frameworks */ = {
			isa = PBXFrameworksBuildPhase;
			buildActionMask = 2147483647;
			files = (
				FD0C450CC5AE804A4217A5ED /* Pods_GoogleSheetsIOS.framework in Frameworks */,
			);
			runOnlyForDeploymentPostprocessing = 0;
		};
/* End PBXFrameworksBuildPhase section */

/* Begin PBXGroup section */
		0F29B9F1BC0860A6BBCB231B /* Frameworks */ = {
			isa = PBXGroup;
			children = (
				33D4BB0665077977AC483D21 /* Pods_GoogleSheetsIOS.framework */,
			);
			name = Frameworks;
			sourceTree = "<group>";
		};
		14442B59FC89F36CC50F95AE /* Pods */ = {
			isa = PBXGroup;
			children = (
				15440125C8F673A97C2CF104 /* Pods-GoogleSheetsIOS.debug.xcconfig */,
				C89552CD1A0F3DE66A0393F5 /* Pods-GoogleSheetsIOS.release.xcconfig */,
			);
			name = Pods;
			path = Pods;
			sourceTree = "<group>";
		};
		AB66029B2C5B7857001AB9CE = {
			isa = PBXGroup;
			children = (
				AB6602A62C5B7857001AB9CE /* GoogleSheetsIOS */,
				AB6602A52C5B7857001AB9CE /* Products */,
				14442B59FC89F36CC50F95AE /* Pods */,
				0F29B9F1BC0860A6BBCB231B /* Frameworks */,
			);
			sourceTree = "<group>";
		};
		AB6602A52C5B7857001AB9CE /* Products */ = {
			isa = PBXGroup;
			children = (
				AB6602A42C5B7857001AB9CE /* GoogleSheetsIOS.app */,
			);
			name = Products;
			sourceTree = "<group>";
		};
		AB6602A62C5B7857001AB9CE /* GoogleSheetsIOS */ = {
			isa = PBXGroup;
			children = (
				AB6602A72C5B7857001AB9CE /* AppDelegate.swift */,
				AB6602A92C5B7857001AB9CE /* SceneDelegate.swift */,
				AB6602AB2C5B7857001AB9CE /* ViewController.swift */,
				AB6602AD2C5B7857001AB9CE /* Main.storyboard */,
				AB6602B02C5B7859001AB9CE /* Assets.xcassets */,
				AB6602B22C5B7859001AB9CE /* LaunchScreen.storyboard */,
				AB6602B52C5B7859001AB9CE /* Info.plist */,
			);
			path = GoogleSheetsIOS;
			sourceTree = "<group>";
		};
/* End PBXGroup section */

/* Begin PBXNativeTarget section */
		AB6602A32C5B7857001AB9CE /* GoogleSheetsIOS */ = {
			isa = PBXNativeTarget;
			buildConfigurationList = AB6602B82C5B7859001AB9CE /* Build configuration list for PBXNativeTarget "GoogleSheetsIOS" */;
			buildPhases = (
				4133BC475BD2A1C3060549C2 /* [CP] Check Pods Manifest.lock */,
				AB6602A02C5B7857001AB9CE /* Sources */,
				AB6602A12C5B7857001AB9CE /* Frameworks */,
				AB6602A22C5B7857001AB9CE /* Resources */,
			);
			buildRules = (
			);
			dependencies = (
			);
			name = GoogleSheetsIOS;
			productName = GoogleSheetsIOS;
			productReference = AB6602A42C5B7857001AB9CE /* GoogleSheetsIOS.app */;
			productType = "com.apple.product-type.application";
		};
/* End PBXNativeTarget section */

/* Begin PBXProject section */
		AB66029C2C5B7857001AB9CE /* Project object */ = {
			isa = PBXProject;
			attributes = {
				BuildIndependentTargetsInParallel = 1;
				LastSwiftUpdateCheck = 1520;
				LastUpgradeCheck = 1520;
				TargetAttributes = {
					AB6602A32C5B7857001AB9CE = {
						CreatedOnToolsVersion = 15.2;
					};
				};
			};
			buildConfigurationList = AB66029F2C5B7857001AB9CE /* Build configuration list for PBXProject "GoogleSheetsIOS" */;
			compatibilityVersion = "Xcode 12.0";
			developmentRegion = en;
			hasScannedForEncodings = 0;
			knownRegions = (
				en,
				Base,
			);
			mainGroup = AB66029B2C5B7857001AB9CE;
			productRefGroup = AB6602A52C5B7857001AB9CE /* Products */;
			projectDirPath = "";
			projectRoot = "";
			targets = (
				AB6602A32C5B7857001AB9CE /* GoogleSheetsIOS */,
			);
		};
/* End PBXProject section */

/* Begin PBXResourcesBuildPhase section */
		AB6602A22C5B7857001AB9CE /* Resources */ = {
			isa = PBXResourcesBuildPhase;
			buildActionMask = 2147483647;
			files = (
				AB6602B42C5B7859001AB9CE /* LaunchScreen.storyboard in Resources */,
				AB6602B12C5B7859001AB9CE /* Assets.xcassets in Resources */,
				AB6602AF2C5B7857001AB9CE /* Main.storyboard in Resources */,
			);
			runOnlyForDeploymentPostprocessing = 0;
		};
/* End PBXResourcesBuildPhase section */

/* Begin PBXShellScriptBuildPhase section */
		4133BC475BD2A1C3060549C2 /* [CP] Check Pods Manifest.lock */ = {
			isa = PBXShellScriptBuildPhase;
			buildActionMask = 2147483647;
			files = (
			);
			inputFileListPaths = (
			);
			inputPaths = (
				"${PODS_PODFILE_DIR_PATH}/Podfile.lock",
				"${PODS_ROOT}/Manifest.lock",
			);
			name = "[CP] Check Pods Manifest.lock";
			outputFileListPaths = (
			);
			outputPaths = (
				"$(DERIVED_FILE_DIR)/Pods-GoogleSheetsIOS-checkManifestLockResult.txt",
			);
			runOnlyForDeploymentPostprocessing = 0;
			shellPath = /bin/sh;
			shellScript = "diff \"${PODS_PODFILE_DIR_PATH}/Podfile.lock\" \"${PODS_ROOT}/Manifest.lock\" > /dev/null\nif [ $? != 0 ] ; then\n    # print error to STDERR\n    echo \"error: The sandbox is not in sync with the Podfile.lock. Run 'pod install' or update your CocoaPods installation.\" >&2\n    exit 1\nfi\n# This output is used by Xcode 'outputs' to avoid re-running this script phase.\necho \"SUCCESS\" > \"${SCRIPT_OUTPUT_FILE_0}\"\n";
			showEnvVarsInLog = 0;
		};
/* End PBXShellScriptBuildPhase section */

/* Begin PBXSourcesBuildPhase section */
		AB6602A02C5B7857001AB9CE /* Sources */ = {
			isa = PBXSourcesBuildPhase;
			buildActionMask = 2147483647;
			files = (
				AB6602AC2C5B7857001AB9CE /* ViewController.swift in Sources */,
				AB6602A82C5B7857001AB9CE /* AppDelegate.swift in Sources */,
				AB6602AA2C5B7857001AB9CE /* SceneDelegate.swift in Sources */,
			);
			runOnlyForDeploymentPostprocessing = 0;
		};
/* End PBXSourcesBuildPhase section */

/* Begin PBXVariantGroup section */
		AB6602AD2C5B7857001AB9CE /* Main.storyboard */ = {
			isa = PBXVariantGroup;
			children = (
				AB6602AE2C5B7857001AB9CE /* Base */,
			);
			name = Main.storyboard;
			sourceTree = "<group>";
		};
		AB6602B22C5B7859001AB9CE /* LaunchScreen.storyboard */ = {
			isa = PBXVariantGroup;
			children = (
				AB6602B32C5B7859001AB9CE /* Base */,
			);
			name = LaunchScreen.storyboard;
			sourceTree = "<group>";
		};
/* End PBXVariantGroup section */

/* Begin XCBuildConfiguration section */
		AB6602B62C5B7859001AB9CE /* Debug */ = {
			isa = XCBuildConfiguration;
			buildSettings = {
				ALWAYS_SEARCH_USER_PATHS = NO;
				ASSETCATALOG_COMPILER_GENERATE_SWIFT_ASSET_SYMBOL_EXTENSIONS = YES;
				CLANG_ANALYZER_NONNULL = YES;
				CLANG_ANALYZER_NUMBER_OBJECT_CONVERSION = YES_AGGRESSIVE;
				CLANG_CXX_LANGUAGE_STANDARD = "gnu++20";
				CLANG_ENABLE_MODULES = YES;
				CLANG_ENABLE_OBJC_ARC = YES;
				CLANG_ENABLE_OBJC_WEAK = YES;
				CLANG_WARN_BLOCK_CAPTURE_AUTORELEASING = YES;
				CLANG_WARN_BOOL_CONVERSION = YES;
				CLANG_WARN_COMMA = YES;
				CLANG_WARN_CONSTANT_CONVERSION = YES;
				CLANG_WARN_DEPRECATED_OBJC_IMPLEMENTATIONS = YES;
				CLANG_WARN_DIRECT_OBJC_ISA_USAGE = YES_ERROR;
				CLANG_WARN_DOCUMENTATION_COMMENTS = YES;
				CLANG_WARN_EMPTY_BODY = YES;
				CLANG_WARN_ENUM_CONVERSION = YES;
				CLANG_WARN_INFINITE_RECURSION = YES;
				CLANG_WARN_INT_CONVERSION = YES;
				CLANG_WARN_NON_LITERAL_NULL_CONVERSION = YES;
				CLANG_WARN_OBJC_IMPLICIT_RETAIN_SELF = YES;
				CLANG_WARN_OBJC_LITERAL_CONVERSION = YES;
				CLANG_WARN_OBJC_ROOT_CLASS = YES_ERROR;
				CLANG_WARN_QUOTED_INCLUDE_IN_FRAMEWORK_HEADER = YES;
				CLANG_WARN_RANGE_LOOP_ANALYSIS = YES;
				CLANG_WARN_STRICT_PROTOTYPES = YES;
				CLANG_WARN_SUSPICIOUS_MOVE = YES;
				CLANG_WARN_UNGUARDED_AVAILABILITY = YES_AGGRESSIVE;
				CLANG_WARN_UNREACHABLE_CODE = YES;
				CLANG_WARN__DUPLICATE_METHOD_MATCH = YES;
				COPY_PHASE_STRIP = NO;
				DEBUG_INFORMATION_FORMAT = dwarf;
				ENABLE_STRICT_OBJC_MSGSEND = YES;
				ENABLE_TESTABILITY = YES;
				ENABLE_USER_SCRIPT_SANDBOXING = YES;
				GCC_C_LANGUAGE_STANDARD = gnu17;
				GCC_DYNAMIC_NO_PIC = NO;
				GCC_NO_COMMON_BLOCKS = YES;
				GCC_OPTIMIZATION_LEVEL = 0;
				GCC_PREPROCESSOR_DEFINITIONS = (
					"DEBUG=1",
					"$(inherited)",
				);
				GCC_WARN_64_TO_32_BIT_CONVERSION = YES;
				GCC_WARN_ABOUT_RETURN_TYPE = YES_ERROR;
				GCC_WARN_UNDECLARED_SELECTOR = YES;
				GCC_WARN_UNINITIALIZED_AUTOS = YES_AGGRESSIVE;
				GCC_WARN_UNUSED_FUNCTION = YES;
				GCC_WARN_UNUSED_VARIABLE = YES;
				IPHONEOS_DEPLOYMENT_TARGET = 13.0;
				LOCALIZATION_PREFERS_STRING_CATALOGS = YES;
				MTL_ENABLE_DEBUG_INFO = INCLUDE_SOURCE;
				MTL_FAST_MATH = YES;
				ONLY_ACTIVE_ARCH = YES;
				SDKROOT = iphoneos;
				SWIFT_ACTIVE_COMPILATION_CONDITIONS = "DEBUG $(inherited)";
				SWIFT_OPTIMIZATION_LEVEL = "-Onone";
			};
			name = Debug;
		};
		AB6602B72C5B7859001AB9CE /* Release */ = {
			isa = XCBuildConfiguration;
			buildSettings = {
				ALWAYS_SEARCH_USER_PATHS = NO;
				ASSETCATALOG_COMPILER_GENERATE_SWIFT_ASSET_SYMBOL_EXTENSIONS = YES;
				CLANG_ANALYZER_NONNULL = YES;
				CLANG_ANALYZER_NUMBER_OBJECT_CONVERSION = YES_AGGRESSIVE;
				CLANG_CXX_LANGUAGE_STANDARD = "gnu++20";
				CLANG_ENABLE_MODULES = YES;
				CLANG_ENABLE_OBJC_ARC = YES;
				CLANG_ENABLE_OBJC_WEAK = YES;
				CLANG_WARN_BLOCK_CAPTURE_AUTORELEASING = YES;
				CLANG_WARN_BOOL_CONVERSION = YES;
				CLANG_WARN_COMMA = YES;
				CLANG_WARN_CONSTANT_CONVERSION = YES;
				CLANG_WARN_DEPRECATED_OBJC_IMPLEMENTATIONS = YES;
				CLANG_WARN_DIRECT_OBJC_ISA_USAGE = YES_ERROR;
				CLANG_WARN_DOCUMENTATION_COMMENTS = YES;
				CLANG_WARN_EMPTY_BODY = YES;
				CLANG_WARN_ENUM_CONVERSION = YES;
				CLANG_WARN_INFINITE_RECURSION = YES;
				CLANG_WARN_INT_CONVERSION = YES;
				CLANG_WARN_NON_LITERAL_NULL_CONVERSION = YES;
				CLANG_WARN_OBJC_IMPLICIT_RETAIN_SELF = YES;
				CLANG_WARN_OBJC_LITERAL_CONVERSION = YES;
				CLANG_WARN_OBJC_ROOT_CLASS = YES_ERROR;
				CLANG_WARN_QUOTED_INCLUDE_IN_FRAMEWORK_HEADER = YES;
				CLANG_WARN_RANGE_LOOP_ANALYSIS = YES;
				CLANG_WARN_STRICT_PROTOTYPES = YES;
				CLANG_WARN_SUSPICIOUS_MOVE = YES;
				CLANG_WARN_UNGUARDED_AVAILABILITY = YES_AGGRESSIVE;
				CLANG_WARN_UNREACHABLE_CODE = YES;
				CLANG_WARN__DUPLICATE_METHOD_MATCH = YES;
				COPY_PHASE_STRIP = NO;
				DEBUG_INFORMATION_FORMAT = "dwarf-with-dsym";
				ENABLE_NS_ASSERTIONS = NO;
				ENABLE_STRICT_OBJC_MSGSEND = YES;
				ENABLE_USER_SCRIPT_SANDBOXING = YES;
				GCC_C_LANGUAGE_STANDARD = gnu17;
				GCC_NO_COMMON_BLOCKS = YES;
				GCC_WARN_64_TO_32_BIT_CONVERSION = YES;
				GCC_WARN_ABOUT_RETURN_TYPE = YES_ERROR;
				GCC_WARN_UNDECLARED_SELECTOR = YES;
				GCC_WARN_UNINITIALIZED_AUTOS = YES_AGGRESSIVE;
				GCC_WARN_UNUSED_FUNCTION = YES;
				GCC_WARN_UNUSED_VARIABLE = YES;
				IPHONEOS_DEPLOYMENT_TARGET = 13.0;
				LOCALIZATION_PREFERS_STRING_CATALOGS = YES;
				MTL_ENABLE_DEBUG_INFO = NO;
				MTL_FAST_MATH = YES;
				SDKROOT = iphoneos;
				SWIFT_COMPILATION_MODE = wholemodule;
				VALIDATE_PRODUCT = YES;
			};
			name = Release;
		};
		AB6602B92C5B7859001AB9CE /* Debug */ = {
			isa = XCBuildConfiguration;
			baseConfigurationReference = 15440125C8F673A97C2CF104 /* Pods-GoogleSheetsIOS.debug.xcconfig */;
			buildSettings = {
				ASSETCATALOG_COMPILER_APPICON_NAME = AppIcon;
				ASSETCATALOG_COMPILER_GLOBAL_ACCENT_COLOR_NAME = AccentColor;
				CODE_SIGN_STYLE = Automatic;
				CURRENT_PROJECT_VERSION = 1;
				DEVELOPMENT_TEAM = ZP9CXT4CZ2;
				GENERATE_INFOPLIST_FILE = YES;
				INFOPLIST_FILE = GoogleSheetsIOS/Info.plist;
				INFOPLIST_KEY_UIApplicationSupportsIndirectInputEvents = YES;
				INFOPLIST_KEY_UILaunchStoryboardName = LaunchScreen;
				INFOPLIST_KEY_UIMainStoryboardFile = Main;
				INFOPLIST_KEY_UISupportedInterfaceOrientations_iPad = "UIInterfaceOrientationPortrait UIInterfaceOrientationPortraitUpsideDown UIInterfaceOrientationLandscapeLeft UIInterfaceOrientationLandscapeRight";
				INFOPLIST_KEY_UISupportedInterfaceOrientations_iPhone = "UIInterfaceOrientationPortrait UIInterfaceOrientationLandscapeLeft UIInterfaceOrientationLandscapeRight";
				IPHONEOS_DEPLOYMENT_TARGET = 13.0;
				LD_RUNPATH_SEARCH_PATHS = (
					"$(inherited)",
					"@executable_path/Frameworks",
				);
				MARKETING_VERSION = 1.0;
				PRODUCT_BUNDLE_IDENTIFIER = com.thomsonreuters.com.sample.GoogleSheetsIOS;
				PRODUCT_NAME = "$(TARGET_NAME)";
				SWIFT_EMIT_LOC_STRINGS = YES;
				SWIFT_VERSION = 5.0;
				TARGETED_DEVICE_FAMILY = "1,2";
			};
			name = Debug;
		};
		AB6602BA2C5B7859001AB9CE /* Release */ = {
			isa = XCBuildConfiguration;
			baseConfigurationReference = C89552CD1A0F3DE66A0393F5 /* Pods-GoogleSheetsIOS.release.xcconfig */;
			buildSettings = {
				ASSETCATALOG_COMPILER_APPICON_NAME = AppIcon;
				ASSETCATALOG_COMPILER_GLOBAL_ACCENT_COLOR_NAME = AccentColor;
				CODE_SIGN_STYLE = Automatic;
				CURRENT_PROJECT_VERSION = 1;
				DEVELOPMENT_TEAM = ZP9CXT4CZ2;
				GENERATE_INFOPLIST_FILE = YES;
				INFOPLIST_FILE = GoogleSheetsIOS/Info.plist;
				INFOPLIST_KEY_UIApplicationSupportsIndirectInputEvents = YES;
				INFOPLIST_KEY_UILaunchStoryboardName = LaunchScreen;
				INFOPLIST_KEY_UIMainStoryboardFile = Main;
				INFOPLIST_KEY_UISupportedInterfaceOrientations_iPad = "UIInterfaceOrientationPortrait UIInterfaceOrientationPortraitUpsideDown UIInterfaceOrientationLandscapeLeft UIInterfaceOrientationLandscapeRight";
				INFOPLIST_KEY_UISupportedInterfaceOrientations_iPhone = "UIInterfaceOrientationPortrait UIInterfaceOrientationLandscapeLeft UIInterfaceOrientationLandscapeRight";
				IPHONEOS_DEPLOYMENT_TARGET = 13.0;
				LD_RUNPATH_SEARCH_PATHS = (
					"$(inherited)",
					"@executable_path/Frameworks",
				);
				MARKETING_VERSION = 1.0;
				PRODUCT_BUNDLE_IDENTIFIER = com.thomsonreuters.com.sample.GoogleSheetsIOS;
				PRODUCT_NAME = "$(TARGET_NAME)";
				SWIFT_EMIT_LOC_STRINGS = YES;
				SWIFT_VERSION = 5.0;
				TARGETED_DEVICE_FAMILY = "1,2";
			};
			name = Release;
		};
/* End XCBuildConfiguration section */

/* Begin XCConfigurationList section */
		AB66029F2C5B7857001AB9CE /* Build configuration list for PBXProject "GoogleSheetsIOS" */ = {
			isa = XCConfigurationList;
			buildConfigurations = (
				AB6602B62C5B7859001AB9CE /* Debug */,
				AB6602B72C5B7859001AB9CE /* Release */,
			);
			defaultConfigurationIsVisible = 0;
			defaultConfigurationName = Release;
		};
		AB6602B82C5B7859001AB9CE /* Build configuration list for PBXNativeTarget "GoogleSheetsIOS" */ = {
			isa = XCConfigurationList;
			buildConfigurations = (
				AB6602B92C5B7859001AB9CE /* Debug */,
				AB6602BA2C5B7859001AB9CE /* Release */,
			);
			defaultConfigurationIsVisible = 0;
			defaultConfigurationName = Release;
		};
/* End XCConfigurationList section */
	};
	rootObject = AB66029C2C5B7857001AB9CE /* Project object */;
}
